
Microsoft Visual Studio Solution File, Format Version 12.00
# Visual Studio Version 16
VisualStudioVersion = 16.0.31424.327
MinimumVisualStudioVersion = 10.0.40219.1
Project("{9A19103F-16F7-4668-BE54-9A1E7A4F7556}") = "MoveToBasket.API", "MoveToBasket\MoveToBasket.API.csproj", "{7D5C22E1-D421-4F00-A810-A45E867D57D2}"
EndProject
Project("{9A19103F-16F7-4668-BE54-9A1E7A4F7556}") = "MoveToBasket.UnitTest", "BasketUniteTest\MoveToBasket.UnitTest.csproj", "{C1A52F07-E668-41D8-A870-8F4BE2C9E0D6}"
EndProject
Global
	GlobalSection(SolutionConfigurationPlatforms) = preSolution
		Debug|Any CPU = Debug|Any CPU
		Release|Any CPU = Release|Any CPU
	EndGlobalSection
	GlobalSection(ProjectConfigurationPlatforms) = postSolution
		{7D5C22E1-D421-4F00-A810-A45E867D57D2}.Debug|Any CPU.ActiveCfg = Debug|Any CPU
		{7D5C22E1-D421-4F00-A810-A45E867D57D2}.Debug|Any CPU.Build.0 = Debug|Any CPU
		{7D5C22E1-D421-4F00-A810-A45E867D57D2}.Release|Any CPU.ActiveCfg = Release|Any CPU
		{7D5C22E1-D421-4F00-A810-A45E867D57D2}.Release|Any CPU.Build.0 = Release|Any CPU
		{C1A52F07-E668-41D8-A870-8F4BE2C9E0D6}.Debug|Any CPU.ActiveCfg = Debug|Any CPU
		{C1A52F07-E668-41D8-A870-8F4BE2C9E0D6}.Debug|Any CPU.Build.0 = Debug|Any CPU
		{C1A52F07-E668-41D8-A870-8F4BE2C9E0D6}.Release|Any CPU.ActiveCfg = Release|Any CPU
		{C1A52F07-E668-41D8-A870-8F4BE2C9E0D6}.Release|Any CPU.Build.0 = Release|Any CPU
	EndGlobalSection
	GlobalSection(SolutionProperties) = preSolution
		HideSolutionNode = FALSE
	EndGlobalSection
	GlobalSection(ExtensibilityGlobals) = postSolution
		SolutionGuid = {F226A323-0A94-4100-8D8B-2F24B97B2E5A}
	EndGlobalSection
EndGlobal
